lockfileVersion: 5.3

specifiers:
  esbuild: ^0.14.31
  esbuild-register: ^3.3.2
  kleur: ^4.1.4
  watch-dependency-graph: ^3.0.1

dependencies:
  esbuild: 0.14.31
  esbuild-register: 3.3.2_esbuild@0.14.31
  kleur: 4.1.4
  watch-dependency-graph: 3.0.1

packages:

  /debounce/1.2.1:
    resolution: {integrity: sha512-XRRe6Glud4rd/ZGQfiV1ruXSfbvfJedlV9Y6zOlP+2K04vBYiJEte6stfFkCP03aMnY5tsipamumUjL14fofug==}
    dev: false

  /debug/4.3.4:
    resolution: {integrity: sha512-PRWFHuSU3eDtQJPvnNY7Jcket1j0t5OuOsFzPPzsekD52Zl8qUfFIPEiswXqIvHWGVHOgX+7G/vCNNhehwxfkQ==}
    engines: {node: '>=6.0'}
    peerDependencies:
      supports-color: '*'
    peerDependenciesMeta:
      supports-color:
        optional: true
    dependencies:
      ms: 2.1.2
    dev: false

  /es-module-lexer/0.4.1:
    resolution: {integrity: sha512-ooYciCUtfw6/d2w56UVeqHPcoCFAiJdz5XOkYpv/Txl1HMUozpXjz/2RIQgqwKdXNDPSF1W7mJCFse3G+HDyAA==}
    dev: false

  /esbuild-android-64/0.14.31:
    resolution: {integrity: sha512-MYkuJ91w07nGmr4EouejOZK2j/f5TCnsKxY8vRr2+wpKKfHD1LTJK28VbZa+y1+AL7v1V9G98ezTUwsV3CmXNw==}
    engines: {node: '>=12'}
    cpu: [x64]
    os: [android]
    requiresBuild: true
    dev: false
    optional: true

  /esbuild-android-arm64/0.14.31:
    resolution: {integrity: sha512-0rkH/35s7ZVcsw6nS0IAkR0dekSbjZGWdlOAf3jV0lGoPqqw0x6/TmaV9w7DQgUERTH1ApmPlpAMU4kVkCq9Jg==}
    engines: {node: '>=12'}
    cpu: [arm64]
    os: [android]
    requiresBuild: true
    dev: false
    optional: true

  /esbuild-darwin-64/0.14.31:
    resolution: {integrity: sha512-kP6xPZHxtJa36Hb0jC05L3VzQSZBW2f3bpnQS20czXTRGEmM2GDiYpGdI5g2QYaw6vC4PYXjnigq8usd9g9jnQ==}
    engines: {node: '>=12'}
    cpu: [x64]
    os: [darwin]
    requiresBuild: true
    dev: false
    optional: true

  /esbuild-darwin-arm64/0.14.31:
    resolution: {integrity: sha512-1ZMog4hkNsdBGtDDtsftUqX6S9N52gEx4vX5aVehsSptgoBFIar1XrPiBTQty7YNH+bJasTpSVaZQgElCVvPKQ==}
    engines: {node: '>=12'}
    cpu: [arm64]
    os: [darwin]
    requiresBuild: true
    dev: false
    optional: true

  /esbuild-freebsd-64/0.14.31:
    resolution: {integrity: sha512-Zo0BYj7QpVFWoUpkv6Ng0RO2eJ4zk/WDaHMO88+jr5HuYmxsOre0imgwaZVPquTuJnCvL1G48BFucJ3tFflSeQ==}
    engines: {node: '>=12'}
    cpu: [x64]
    os: [freebsd]
    requiresBuild: true
    dev: false
    optional: true

  /esbuild-freebsd-arm64/0.14.31:
    resolution: {integrity: sha512-t85bS6jbRpmdjr4pdr/FY/fpx8lo1vv9S7BAs2EsXKJQhRDMIiC3QW+k2acYJoRuqirlvJcJVFQGCq/PfyC1kA==}
    engines: {node: '>=12'}
    cpu: [arm64]
    os: [freebsd]
    requiresBuild: true
    dev: false
    optional: true

  /esbuild-linux-32/0.14.31:
    resolution: {integrity: sha512-XYtOk/GodSkv+UOYVwryGpGPuFnszsMvRMKq6cIUfFfdssHuKDsU9IZveyCG44J106J39ABenQ5EetbYtVJHUw==}
    engines: {node: '>=12'}
    cpu: [ia32]
    os: [linux]
    requiresBuild: true
    dev: false
    optional: true

  /esbuild-linux-64/0.14.31:
    resolution: {integrity: sha512-Zf9CZxAxaXWHLqCg/QZ/hs0RU0XV3IBxV+ENQzy00S4QOTnZAvSLgPciILHHrVJ0lPIlb4XzAqlLM5y6iI2LIw==}
    engines: {node: '>=12'}
    cpu: [x64]
    os: [linux]
    requiresBuild: true
    dev: false
    optional: true

  /esbuild-linux-arm/0.14.31:
    resolution: {integrity: sha512-RpiaeHPRlgCCDskxoyIsI49BhcDtZ4cl8+SLffizDm0yMNWP538SUg0ezQ2TTOPj3/svaGIbkRDwYtAon0Sjkg==}
    engines: {node: '>=12'}
    cpu: [arm]
    os: [linux]
    requiresBuild: true
    dev: false
    optional: true

  /esbuild-linux-arm64/0.14.31:
    resolution: {integrity: sha512-V/H0tv+xpQ9IOHM+o85oCKNNidIEc5CcnDWl0V+hPd2F03dqdbFkWPBGphx8rD4JSQn6UefUQ1iH7y1qIzO8Fw==}
    engines: {node: '>=12'}
    cpu: [arm64]
    os: [linux]
    requiresBuild: true
    dev: false
    optional: true

  /esbuild-linux-mips64le/0.14.31:
    resolution: {integrity: sha512-9/oBfAckInRuUg6AEgdCLLn6KJ6UOJDOLmUinTsReVSg6AfV6wxYQJq9iQM2idRogP7GUpomJ+bvCdWXpotQRQ==}
    engines: {node: '>=12'}
    cpu: [mips64el]
    os: [linux]
    requiresBuild: true
    dev: false
    optional: true

  /esbuild-linux-ppc64le/0.14.31:
    resolution: {integrity: sha512-NMcb14Pg+8q8raGkzor9/R3vQwKzgxE3694BtO2SDLBwJuL2C1dQ1ZtM1t7ZvArQBgT8RiZVxb0/3fD+qGNk7g==}
    engines: {node: '>=12'}
    cpu: [ppc64]
    os: [linux]
    requiresBuild: true
    dev: false
    optional: true

  /esbuild-linux-riscv64/0.14.31:
    resolution: {integrity: sha512-l13yvmsVfawAnoYfcpuvml+nTlrOmtdceXYufSkXl2DOb0JKcuR6ARlAzuQCDcpo49SOJy1cCxpwlOIsUQBfzA==}
    engines: {node: '>=12'}
    cpu: [riscv64]
    os: [linux]
    requiresBuild: true
    dev: false
    optional: true

  /esbuild-linux-s390x/0.14.31:
    resolution: {integrity: sha512-GIwV9mY3koYja9MCSkKLk1P7rj+MkPV0UsGsZ575hEcIBrXeKN9jBi6X/bxDDPEN/SUAH35cJhBNrZU4x9lEfg==}
    engines: {node: '>=12'}
    cpu: [s390x]
    os: [linux]
    requiresBuild: true
    dev: false
    optional: true

  /esbuild-netbsd-64/0.14.31:
    resolution: {integrity: sha512-bJ+pyLvKQm+Obp5k7/Wk8e9Gdkls56F1aiI3uptoIfOIUqsZImH7pDyTrSufwqsFp62kO9LRuwXnjDwQtPyhFQ==}
    engines: {node: '>=12'}
    cpu: [x64]
    os: [netbsd]
    requiresBuild: true
    dev: false
    optional: true

  /esbuild-openbsd-64/0.14.31:
    resolution: {integrity: sha512-NRAAPPca05H9j9Xab0kVXK0V6/pyZGGy8d2Y8KS0BMwWEydlD4KCJDmH8/7bWCKYLRGOOCE9/GPBJyPWHFW3sg==}
    engines: {node: '>=12'}
    cpu: [x64]
    os: [openbsd]
    requiresBuild: true
    dev: false
    optional: true

  /esbuild-register/3.3.2_esbuild@0.14.31:
    resolution: {integrity: sha512-jceAtTO6zxPmCfSD5cBb3rgIK1vmuqCKYwgylHiS1BF4pq0jJiJb4K2QMuqF4BEw7XDBRatYzip0upyTzfkgsQ==}
    peerDependencies:
      esbuild: '>=0.12 <1'
    dependencies:
      esbuild: 0.14.31
    dev: false

  /esbuild-sunos-64/0.14.31:
    resolution: {integrity: sha512-9uA+V8w9Eehu4ldb95lPWdgCMcMO5HH6pXmfkk5usn3JsSZxKdLKsXB4hYgP80wscZvVYXJl2G+KNxsUTfPhZw==}
    engines: {node: '>=12'}
    cpu: [x64]
    os: [sunos]
    requiresBuild: true
    dev: false
    optional: true

  /esbuild-windows-32/0.14.31:
    resolution: {integrity: sha512-VGdncQTqoxD9q3v/dk0Yugbmx2FzOkcs0OemBYc1X9KXOLQYH0uQbLJIckZdZOC3J+JKSExbYFrzYCOwWPuNyA==}
    engines: {node: '>=12'}
    cpu: [ia32]
    os: [win32]
    requiresBuild: true
    dev: false
    optional: true

  /esbuild-windows-64/0.14.31:
    resolution: {integrity: sha512-v/2ye5zBqpmCzi3bLCagStbNQlnOsY7WtMrD2Q0xZxeSIXONxji15KYtVee5o7nw4lXWbQSS1BL8G6BBMvtq4A==}
    engines: {node: '>=12'}
    cpu: [x64]
    os: [win32]
    requiresBuild: true
    dev: false
    optional: true

  /esbuild-windows-arm64/0.14.31:
    resolution: {integrity: sha512-RXeU42FJoG1sriNHg73h4S+5B7L/gw+8T7U9u8IWqSSEbY6fZvBh4uofugiU1szUDqqP00GHwZ09WgYe3lGZiw==}
    engines: {node: '>=12'}
    cpu: [arm64]
    os: [win32]
    requiresBuild: true
    dev: false
    optional: true

  /esbuild/0.14.31:
    resolution: {integrity: sha512-QA0fUM13+JZzcvg1bdrhi7wo8Lr5IRHA9ypNn2znqxGqb66dSK6pAh01TjyBOhzZGazPQJZ1K26VrCAQJ715qA==}
    engines: {node: '>=12'}
    hasBin: true
    requiresBuild: true
    optionalDependencies:
      esbuild-android-64: 0.14.31
      esbuild-android-arm64: 0.14.31
      esbuild-darwin-64: 0.14.31
      esbuild-darwin-arm64: 0.14.31
      esbuild-freebsd-64: 0.14.31
      esbuild-freebsd-arm64: 0.14.31
      esbuild-linux-32: 0.14.31
      esbuild-linux-64: 0.14.31
      esbuild-linux-arm: 0.14.31
      esbuild-linux-arm64: 0.14.31
      esbuild-linux-mips64le: 0.14.31
      esbuild-linux-ppc64le: 0.14.31
      esbuild-linux-riscv64: 0.14.31
      esbuild-linux-s390x: 0.14.31
      esbuild-netbsd-64: 0.14.31
      esbuild-openbsd-64: 0.14.31
      esbuild-sunos-64: 0.14.31
      esbuild-windows-32: 0.14.31
      esbuild-windows-64: 0.14.31
      esbuild-windows-arm64: 0.14.31
    dev: false

  /filewatcher/3.0.1:
    resolution: {integrity: sha1-9KGVc1Xdr0Q8zXiolfPVXiPIoDQ=}
    dependencies:
      debounce: 1.2.1
    dev: false

  /kleur/4.1.4:
    resolution: {integrity: sha512-8QADVssbrFjivHWQU7KkMgptGTl6WAcSdlbBPY4uNF+mWr6DGcKrvY2w4FQJoXch7+fKMjj0dRrL75vk3k23OA==}
    engines: {node: '>=6'}
    dev: false

  /lodash/4.17.21:
    resolution: {integrity: sha512-v2kDEe57lecTulaDIuNTPy3Ry4gLGJ6Z1O3vE1krgXZNrsQ+LFTGHVxVjcXPs17LhbZVGedAJv8XZ1tvj5FvSg==}
    dev: false

  /ms/2.1.2:
    resolution: {integrity: sha512-sGkPx+VjMtmA6MX27oA4FBFELFCZZ4S4XqeGOXCv68tT+jb3vk/RyaKWP0PTKyWtmLSM0b+adUTEvbs1PEaH2w==}
    dev: false

  /strip-comments/2.0.1:
    resolution: {integrity: sha512-ZprKx+bBLXv067WTCALv8SSz5l2+XhpYCsVtSqlMnkAXMWDq+/ekVbl1ghqP9rUHTzv6sm/DwCOiYutU/yp1fw==}
    engines: {node: '>=10'}
    dev: false

  /watch-dependency-graph/3.0.1:
    resolution: {integrity: sha512-M96zeYpfqudBQ4kgaEL5hZis1Mzhqy33SHOIzfPPTR9sKzLvCEcMXODvoosTj0lo43+XJ7aIs95zdGbYXi99Yw==}
    dependencies:
      debug: 4.3.4
      es-module-lexer: 0.4.1
      filewatcher: 3.0.1
      lodash: 4.17.21
      strip-comments: 2.0.1
    transitivePeerDependencies:
      - supports-color
    dev: false
